
Microsoft Visual Studio Solution File, Format Version 12.00
# Visual Studio 14
VisualStudioVersion = 14.0.23107.0
MinimumVisualStudioVersion = 10.0.40219.1
Project("{FAE04EC0-301F-11D3-BF4B-00C04F79EFBC}") = "AdamAnderssonCs", "AdamAnderssonCs\AdamAnderssonCs.csproj", "{07F379CD-E446-43CD-89CC-093339288D70}"
EndProject
Project("{FAE04EC0-301F-11D3-BF4B-00C04F79EFBC}") = "Uppgift 1", "Övning 1\Uppgift 1\Uppgift 1.csproj", "{0D16FD5E-F1DD-4D94-91E9-7BF7EE85CCE2}"
EndProject
Project("{FAE04EC0-301F-11D3-BF4B-00C04F79EFBC}") = "Uppgift 2", "Övning 1\Uppgift 2\Uppgift 2.csproj", "{142B1108-B54B-4FB1-B764-CF990E2C2F9D}"
EndProject
Project("{FAE04EC0-301F-11D3-BF4B-00C04F79EFBC}") = "Uppgift 3", "Övning 1\Uppgift 3\Uppgift 3.csproj", "{3C80BCB2-E407-47C3-99FF-9E23BDA71FD3}"
EndProject
Project("{FAE04EC0-301F-11D3-BF4B-00C04F79EFBC}") = "Uppgift 4", "Övning 1\Uppgift 4\Uppgift 4.csproj", "{17CF5FB3-51CC-4FB8-A90A-5367679C1EC5}"
EndProject
Project("{FAE04EC0-301F-11D3-BF4B-00C04F79EFBC}") = "ovning 2", "ovning 2\ovning 2\ovning 2.csproj", "{3C6D307F-27A3-4831-B1AB-B1FF6A7592C8}"
EndProject
Project("{FAE04EC0-301F-11D3-BF4B-00C04F79EFBC}") = "Ovning3", "Ovning3\Ovning3\Ovning3.csproj", "{00447DA1-62CE-449C-A752-805F890B0FBD}"
EndProject
Project("{FAE04EC0-301F-11D3-BF4B-00C04F79EFBC}") = "Laboration1", "Laboration1\Laboration1\Laboration1.csproj", "{5036A6B9-C927-4B84-AE1F-BE02DB9ECEF0}"
EndProject
Project("{FAE04EC0-301F-11D3-BF4B-00C04F79EFBC}") = "Labboration C", "Labboration C\Labboration C\Labboration C.csproj", "{BF20926A-5CC8-4271-878E-570A7AF48829}"
EndProject
Project("{2150E333-8FDC-42A3-9474-1A3956D46DE8}") = "Exercice_1", "Exercice_1", "{D761B1E9-E690-4896-AA83-B724515A1A53}"
EndProject
Project("{2150E333-8FDC-42A3-9474-1A3956D46DE8}") = "Exercice_2", "Exercice_2", "{F8A19D16-CEC9-4E36-BA8E-18BA582E02A4}"
EndProject
Project("{2150E333-8FDC-42A3-9474-1A3956D46DE8}") = "Exercice_3", "Exercice_3", "{BD306EE8-1A3A-4BAD-BE13-00F3CC156A5E}"
EndProject
Project("{2150E333-8FDC-42A3-9474-1A3956D46DE8}") = "Exercice_4", "Exercice_4", "{2A807DCA-30BC-4189-8F39-3BCE9F5FABF1}"
EndProject
Project("{2150E333-8FDC-42A3-9474-1A3956D46DE8}") = "Exercice_5", "Exercice_5", "{29DBDD05-35E5-4884-8AFE-05044E594F4A}"
EndProject
Global
	GlobalSection(SolutionConfigurationPlatforms) = preSolution
		Debug|Any CPU = Debug|Any CPU
		Release|Any CPU = Release|Any CPU
	EndGlobalSection
	GlobalSection(ProjectConfigurationPlatforms) = postSolution
		{07F379CD-E446-43CD-89CC-093339288D70}.Debug|Any CPU.ActiveCfg = Debug|Any CPU
		{07F379CD-E446-43CD-89CC-093339288D70}.Debug|Any CPU.Build.0 = Debug|Any CPU
		{07F379CD-E446-43CD-89CC-093339288D70}.Release|Any CPU.ActiveCfg = Release|Any CPU
		{07F379CD-E446-43CD-89CC-093339288D70}.Release|Any CPU.Build.0 = Release|Any CPU
		{0D16FD5E-F1DD-4D94-91E9-7BF7EE85CCE2}.Debug|Any CPU.ActiveCfg = Debug|Any CPU
		{0D16FD5E-F1DD-4D94-91E9-7BF7EE85CCE2}.Debug|Any CPU.Build.0 = Debug|Any CPU
		{0D16FD5E-F1DD-4D94-91E9-7BF7EE85CCE2}.Release|Any CPU.ActiveCfg = Release|Any CPU
		{0D16FD5E-F1DD-4D94-91E9-7BF7EE85CCE2}.Release|Any CPU.Build.0 = Release|Any CPU
		{142B1108-B54B-4FB1-B764-CF990E2C2F9D}.Debug|Any CPU.ActiveCfg = Debug|Any CPU
		{142B1108-B54B-4FB1-B764-CF990E2C2F9D}.Debug|Any CPU.Build.0 = Debug|Any CPU
		{142B1108-B54B-4FB1-B764-CF990E2C2F9D}.Release|Any CPU.ActiveCfg = Release|Any CPU
		{142B1108-B54B-4FB1-B764-CF990E2C2F9D}.Release|Any CPU.Build.0 = Release|Any CPU
		{3C80BCB2-E407-47C3-99FF-9E23BDA71FD3}.Debug|Any CPU.ActiveCfg = Debug|Any CPU
		{3C80BCB2-E407-47C3-99FF-9E23BDA71FD3}.Debug|Any CPU.Build.0 = Debug|Any CPU
		{3C80BCB2-E407-47C3-99FF-9E23BDA71FD3}.Release|Any CPU.ActiveCfg = Release|Any CPU
		{3C80BCB2-E407-47C3-99FF-9E23BDA71FD3}.Release|Any CPU.Build.0 = Release|Any CPU
		{17CF5FB3-51CC-4FB8-A90A-5367679C1EC5}.Debug|Any CPU.ActiveCfg = Debug|Any CPU
		{17CF5FB3-51CC-4FB8-A90A-5367679C1EC5}.Debug|Any CPU.Build.0 = Debug|Any CPU
		{17CF5FB3-51CC-4FB8-A90A-5367679C1EC5}.Release|Any CPU.ActiveCfg = Release|Any CPU
		{17CF5FB3-51CC-4FB8-A90A-5367679C1EC5}.Release|Any CPU.Build.0 = Release|Any CPU
		{3C6D307F-27A3-4831-B1AB-B1FF6A7592C8}.Debug|Any CPU.ActiveCfg = Debug|Any CPU
		{3C6D307F-27A3-4831-B1AB-B1FF6A7592C8}.Debug|Any CPU.Build.0 = Debug|Any CPU
		{3C6D307F-27A3-4831-B1AB-B1FF6A7592C8}.Release|Any CPU.ActiveCfg = Release|Any CPU
		{3C6D307F-27A3-4831-B1AB-B1FF6A7592C8}.Release|Any CPU.Build.0 = Release|Any CPU
		{00447DA1-62CE-449C-A752-805F890B0FBD}.Debug|Any CPU.ActiveCfg = Debug|Any CPU
		{00447DA1-62CE-449C-A752-805F890B0FBD}.Debug|Any CPU.Build.0 = Debug|Any CPU
		{00447DA1-62CE-449C-A752-805F890B0FBD}.Release|Any CPU.ActiveCfg = Release|Any CPU
		{00447DA1-62CE-449C-A752-805F890B0FBD}.Release|Any CPU.Build.0 = Release|Any CPU
		{5036A6B9-C927-4B84-AE1F-BE02DB9ECEF0}.Debug|Any CPU.ActiveCfg = Debug|Any CPU
		{5036A6B9-C927-4B84-AE1F-BE02DB9ECEF0}.Debug|Any CPU.Build.0 = Debug|Any CPU
		{5036A6B9-C927-4B84-AE1F-BE02DB9ECEF0}.Release|Any CPU.ActiveCfg = Release|Any CPU
		{5036A6B9-C927-4B84-AE1F-BE02DB9ECEF0}.Release|Any CPU.Build.0 = Release|Any CPU
		{BF20926A-5CC8-4271-878E-570A7AF48829}.Debug|Any CPU.ActiveCfg = Debug|Any CPU
		{BF20926A-5CC8-4271-878E-570A7AF48829}.Debug|Any CPU.Build.0 = Debug|Any CPU
		{BF20926A-5CC8-4271-878E-570A7AF48829}.Release|Any CPU.ActiveCfg = Release|Any CPU
		{BF20926A-5CC8-4271-878E-570A7AF48829}.Release|Any CPU.Build.0 = Release|Any CPU
	EndGlobalSection
	GlobalSection(SolutionProperties) = preSolution
		HideSolutionNode = FALSE
	EndGlobalSection
	GlobalSection(NestedProjects) = preSolution
		{0D16FD5E-F1DD-4D94-91E9-7BF7EE85CCE2} = {D761B1E9-E690-4896-AA83-B724515A1A53}
		{142B1108-B54B-4FB1-B764-CF990E2C2F9D} = {D761B1E9-E690-4896-AA83-B724515A1A53}
		{3C80BCB2-E407-47C3-99FF-9E23BDA71FD3} = {D761B1E9-E690-4896-AA83-B724515A1A53}
		{17CF5FB3-51CC-4FB8-A90A-5367679C1EC5} = {D761B1E9-E690-4896-AA83-B724515A1A53}
		{3C6D307F-27A3-4831-B1AB-B1FF6A7592C8} = {F8A19D16-CEC9-4E36-BA8E-18BA582E02A4}
		{00447DA1-62CE-449C-A752-805F890B0FBD} = {BD306EE8-1A3A-4BAD-BE13-00F3CC156A5E}
		{5036A6B9-C927-4B84-AE1F-BE02DB9ECEF0} = {29DBDD05-35E5-4884-8AFE-05044E594F4A}
		{BF20926A-5CC8-4271-878E-570A7AF48829} = {2A807DCA-30BC-4189-8F39-3BCE9F5FABF1}
	EndGlobalSection
EndGlobal
